
Microsoft Visual Studio Solution File, Format Version 12.00
# Visual Studio Version 16
VisualStudioVersion = 16.0.30711.63
MinimumVisualStudioVersion = 10.0.40219.1
Project("{2150E333-8FDC-42A3-9474-1A3956D46DE8}") = "Common", "Common", "{9CF14D09-6F9C-4DAC-A3CA-186A86AD2920}"
EndProject
Project("{FAE04EC0-301F-11D3-BF4B-00C04F79EFBC}") = "SmartObjects", "Common\SmartObjects\SmartObjects.csproj", "{443B0AD0-2AD8-4E1C-8D1E-B11B6613E498}"
EndProject
Project("{FAE04EC0-301F-11D3-BF4B-00C04F79EFBC}") = "SmartGeometry", "Common\SmartGeometry\SmartGeometry.csproj", "{7F08E701-0D4F-4A7D-835C-7ADB9B7A4B09}"
EndProject
Project("{FAE04EC0-301F-11D3-BF4B-00C04F79EFBC}") = "SmartExtensions", "Common\SmartExtensions\SmartExtensions.csproj", "{04B7ACB0-B336-4DC0-90A4-B3BE217ADB31}"
EndProject
Project("{FAE04EC0-301F-11D3-BF4B-00C04F79EFBC}") = "SmartTeklaModel", "Common\SmartTeklaModel\SmartTeklaModel.csproj", "{0EA5B9C3-468C-4F3C-BBA1-88864234058A}"
EndProject
Project("{FAE04EC0-301F-11D3-BF4B-00C04F79EFBC}") = "CSLib", "Common\CSLib\CSLib.csproj", "{20763809-3274-445D-A847-73B3D84576AD}"
EndProject
Project("{2150E333-8FDC-42A3-9474-1A3956D46DE8}") = "Plugins", "Plugins", "{E1121AEF-0D43-4733-B875-3AFFFE895004}"
EndProject
Project("{FAE04EC0-301F-11D3-BF4B-00C04F79EFBC}") = "ConcreteFoundationPlugin", "Plugins\WpfPluginTemplate\ConcreteFoundationPlugin.csproj", "{6E80E672-D9A9-4EFF-9B1C-3B87BB6636DA}"
EndProject
Project("{FAE04EC0-301F-11D3-BF4B-00C04F79EFBC}") = "Frames", "Frames\Frames.csproj", "{869E7F86-9FF3-4FA0-AB1F-3A51713B6987}"
EndProject
Project("{2150E333-8FDC-42A3-9474-1A3956D46DE8}") = "Macroses", "Macroses", "{37634717-BDEB-440F-8B56-8D7AD9E5BA19}"
EndProject
Project("{2150E333-8FDC-42A3-9474-1A3956D46DE8}") = "ModelMacroses", "ModelMacroses", "{A26429A5-5833-427B-B76B-F078DBA2F7E5}"
	ProjectSection(SolutionItems) = preProject
		Macroses\ModelMacroses\DrawObjectCoordinateSystem.cs = Macroses\ModelMacroses\DrawObjectCoordinateSystem.cs
		Macroses\ModelMacroses\FitByFace.cs = Macroses\ModelMacroses\FitByFace.cs
		Macroses\ModelMacroses\MainPartByWeight.cs = Macroses\ModelMacroses\MainPartByWeight.cs
		Macroses\ModelMacroses\RebarSequenceNumbering.cs = Macroses\ModelMacroses\RebarSequenceNumbering.cs
	EndProjectSection
EndProject
Project("{2150E333-8FDC-42A3-9474-1A3956D46DE8}") = "DrawingMacroses", "DrawingMacroses", "{5B0EBBD6-CB52-4B99-9878-A7870CDC94CB}"
	ProjectSection(SolutionItems) = preProject
		Macroses\DrawingMacroses\DeleteUserDimensions.cs = Macroses\DrawingMacroses\DeleteUserDimensions.cs
		Macroses\DrawingMacroses\DimensionsAdditionalRebarGroup.cs = Macroses\DrawingMacroses\DimensionsAdditionalRebarGroup.cs
		Macroses\DrawingMacroses\InvisibleAxis.cs = Macroses\DrawingMacroses\InvisibleAxis.cs
		Macroses\DrawingMacroses\ReopenDrawing.cs = Macroses\DrawingMacroses\ReopenDrawing.cs
	EndProjectSection
EndProject
Project("{2150E333-8FDC-42A3-9474-1A3956D46DE8}") = "CloneGrids", "CloneGrids", "{27EF8A80-AD82-4A02-89F0-E793857AA3F0}"
	ProjectSection(SolutionItems) = preProject
		Macroses\DrawingMacroses\CloneGrids\CloneGrids.cs = Macroses\DrawingMacroses\CloneGrids\CloneGrids.cs
		Macroses\DrawingMacroses\CloneGrids\CloneGridsForm.cs = Macroses\DrawingMacroses\CloneGrids\CloneGridsForm.cs
		Macroses\DrawingMacroses\CloneGrids\CloneGridsForm.Designer.cs = Macroses\DrawingMacroses\CloneGrids\CloneGridsForm.Designer.cs
		Macroses\DrawingMacroses\CloneGrids\CloneGridsForm.resx = Macroses\DrawingMacroses\CloneGrids\CloneGridsForm.resx
	EndProjectSection
EndProject
Project("{FAE04EC0-301F-11D3-BF4B-00C04F79EFBC}") = "SmartWPFElements", "Common\SmartWPFElements\SmartWPFElements.csproj", "{9D12B1DD-4A5E-4EAC-BC1D-543F339B6971}"
EndProject
Project("{FAE04EC0-301F-11D3-BF4B-00C04F79EFBC}") = "Test", "Test\Test.csproj", "{65196867-84F8-4B2D-9D00-7FB2669D9789}"
EndProject
Project("{2150E333-8FDC-42A3-9474-1A3956D46DE8}") = "Commercial", "Commercial", "{DC00DACB-3D96-4521-9A3B-404B07FC86E3}"
EndProject
Project("{FAE04EC0-301F-11D3-BF4B-00C04F79EFBC}") = "sp_DimensionsForReinforcement", "Commercial\sp_DimensionsForReinforcement\sp_DimensionsForReinforcement.csproj", "{64872190-4CB9-4FF3-A898-019D463EB986}"
EndProject
Project("{2150E333-8FDC-42A3-9474-1A3956D46DE8}") = "Applications", "Applications", "{AAFBDA78-1CB3-4911-B1F6-E9D95C6BFC95}"
EndProject
Project("{FAE04EC0-301F-11D3-BF4B-00C04F79EFBC}") = "SmartHelper", "Applications\SmartHelper\SmartHelper.csproj", "{6FDA3F9D-96D4-4A65-B303-79B6C2313778}"
EndProject
Project("{2150E333-8FDC-42A3-9474-1A3956D46DE8}") = "Commercial", "Commercial", "{D5B01E5F-E92F-4E85-8D39-25A4250D25CE}"
	ProjectSection(SolutionItems) = preProject
		Macroses\ModelMacroses\Commercial\sp_CopyParametersLegFaces.cs = Macroses\ModelMacroses\Commercial\sp_CopyParametersLegFaces.cs
		Macroses\ModelMacroses\Commercial\sp_CopyParametersRebarSets.cs = Macroses\ModelMacroses\Commercial\sp_CopyParametersRebarSets.cs
	EndProjectSection
EndProject
Project("{FAE04EC0-301F-11D3-BF4B-00C04F79EFBC}") = "SmartMacroses", "Macroses\SmartMacroses\SmartMacroses.csproj", "{B28DF8F7-0F7E-4BD1-8E33-FF4C51E4341C}"
EndProject
Global
	GlobalSection(SolutionConfigurationPlatforms) = preSolution
		Debug|Any CPU = Debug|Any CPU
		Release|Any CPU = Release|Any CPU
	EndGlobalSection
	GlobalSection(ProjectConfigurationPlatforms) = postSolution
		{443B0AD0-2AD8-4E1C-8D1E-B11B6613E498}.Debug|Any CPU.ActiveCfg = Debug|Any CPU
		{443B0AD0-2AD8-4E1C-8D1E-B11B6613E498}.Debug|Any CPU.Build.0 = Debug|Any CPU
		{443B0AD0-2AD8-4E1C-8D1E-B11B6613E498}.Release|Any CPU.ActiveCfg = Release|Any CPU
		{443B0AD0-2AD8-4E1C-8D1E-B11B6613E498}.Release|Any CPU.Build.0 = Release|Any CPU
		{7F08E701-0D4F-4A7D-835C-7ADB9B7A4B09}.Debug|Any CPU.ActiveCfg = Debug|Any CPU
		{7F08E701-0D4F-4A7D-835C-7ADB9B7A4B09}.Debug|Any CPU.Build.0 = Debug|Any CPU
		{7F08E701-0D4F-4A7D-835C-7ADB9B7A4B09}.Release|Any CPU.ActiveCfg = Release|Any CPU
		{7F08E701-0D4F-4A7D-835C-7ADB9B7A4B09}.Release|Any CPU.Build.0 = Release|Any CPU
		{04B7ACB0-B336-4DC0-90A4-B3BE217ADB31}.Debug|Any CPU.ActiveCfg = Debug|Any CPU
		{04B7ACB0-B336-4DC0-90A4-B3BE217ADB31}.Debug|Any CPU.Build.0 = Debug|Any CPU
		{04B7ACB0-B336-4DC0-90A4-B3BE217ADB31}.Release|Any CPU.ActiveCfg = Release|Any CPU
		{04B7ACB0-B336-4DC0-90A4-B3BE217ADB31}.Release|Any CPU.Build.0 = Release|Any CPU
		{0EA5B9C3-468C-4F3C-BBA1-88864234058A}.Debug|Any CPU.ActiveCfg = Debug|Any CPU
		{0EA5B9C3-468C-4F3C-BBA1-88864234058A}.Debug|Any CPU.Build.0 = Debug|Any CPU
		{0EA5B9C3-468C-4F3C-BBA1-88864234058A}.Release|Any CPU.ActiveCfg = Release|Any CPU
		{0EA5B9C3-468C-4F3C-BBA1-88864234058A}.Release|Any CPU.Build.0 = Release|Any CPU
		{20763809-3274-445D-A847-73B3D84576AD}.Debug|Any CPU.ActiveCfg = Debug|Any CPU
		{20763809-3274-445D-A847-73B3D84576AD}.Debug|Any CPU.Build.0 = Debug|Any CPU
		{20763809-3274-445D-A847-73B3D84576AD}.Release|Any CPU.ActiveCfg = Release|Any CPU
		{20763809-3274-445D-A847-73B3D84576AD}.Release|Any CPU.Build.0 = Release|Any CPU
		{6E80E672-D9A9-4EFF-9B1C-3B87BB6636DA}.Debug|Any CPU.ActiveCfg = Debug|Any CPU
		{6E80E672-D9A9-4EFF-9B1C-3B87BB6636DA}.Debug|Any CPU.Build.0 = Debug|Any CPU
		{6E80E672-D9A9-4EFF-9B1C-3B87BB6636DA}.Release|Any CPU.ActiveCfg = Release|Any CPU
		{6E80E672-D9A9-4EFF-9B1C-3B87BB6636DA}.Release|Any CPU.Build.0 = Release|Any CPU
		{869E7F86-9FF3-4FA0-AB1F-3A51713B6987}.Debug|Any CPU.ActiveCfg = Debug|Any CPU
		{869E7F86-9FF3-4FA0-AB1F-3A51713B6987}.Debug|Any CPU.Build.0 = Debug|Any CPU
		{869E7F86-9FF3-4FA0-AB1F-3A51713B6987}.Release|Any CPU.ActiveCfg = Release|Any CPU
		{869E7F86-9FF3-4FA0-AB1F-3A51713B6987}.Release|Any CPU.Build.0 = Release|Any CPU
		{9D12B1DD-4A5E-4EAC-BC1D-543F339B6971}.Debug|Any CPU.ActiveCfg = Debug|Any CPU
		{9D12B1DD-4A5E-4EAC-BC1D-543F339B6971}.Debug|Any CPU.Build.0 = Debug|Any CPU
		{9D12B1DD-4A5E-4EAC-BC1D-543F339B6971}.Release|Any CPU.ActiveCfg = Release|Any CPU
		{9D12B1DD-4A5E-4EAC-BC1D-543F339B6971}.Release|Any CPU.Build.0 = Release|Any CPU
		{65196867-84F8-4B2D-9D00-7FB2669D9789}.Debug|Any CPU.ActiveCfg = Debug|Any CPU
		{65196867-84F8-4B2D-9D00-7FB2669D9789}.Debug|Any CPU.Build.0 = Debug|Any CPU
		{65196867-84F8-4B2D-9D00-7FB2669D9789}.Release|Any CPU.ActiveCfg = Release|Any CPU
		{65196867-84F8-4B2D-9D00-7FB2669D9789}.Release|Any CPU.Build.0 = Release|Any CPU
		{64872190-4CB9-4FF3-A898-019D463EB986}.Debug|Any CPU.ActiveCfg = Debug|Any CPU
		{64872190-4CB9-4FF3-A898-019D463EB986}.Debug|Any CPU.Build.0 = Debug|Any CPU
		{64872190-4CB9-4FF3-A898-019D463EB986}.Release|Any CPU.ActiveCfg = Release|Any CPU
		{64872190-4CB9-4FF3-A898-019D463EB986}.Release|Any CPU.Build.0 = Release|Any CPU
		{6FDA3F9D-96D4-4A65-B303-79B6C2313778}.Debug|Any CPU.ActiveCfg = Debug|Any CPU
		{6FDA3F9D-96D4-4A65-B303-79B6C2313778}.Debug|Any CPU.Build.0 = Debug|Any CPU
		{6FDA3F9D-96D4-4A65-B303-79B6C2313778}.Release|Any CPU.ActiveCfg = Release|Any CPU
		{6FDA3F9D-96D4-4A65-B303-79B6C2313778}.Release|Any CPU.Build.0 = Release|Any CPU
		{B28DF8F7-0F7E-4BD1-8E33-FF4C51E4341C}.Debug|Any CPU.ActiveCfg = Debug|Any CPU
		{B28DF8F7-0F7E-4BD1-8E33-FF4C51E4341C}.Debug|Any CPU.Build.0 = Debug|Any CPU
		{B28DF8F7-0F7E-4BD1-8E33-FF4C51E4341C}.Release|Any CPU.ActiveCfg = Release|Any CPU
		{B28DF8F7-0F7E-4BD1-8E33-FF4C51E4341C}.Release|Any CPU.Build.0 = Release|Any CPU
	EndGlobalSection
	GlobalSection(SolutionProperties) = preSolution
		HideSolutionNode = FALSE
	EndGlobalSection
	GlobalSection(NestedProjects) = preSolution
		{443B0AD0-2AD8-4E1C-8D1E-B11B6613E498} = {9CF14D09-6F9C-4DAC-A3CA-186A86AD2920}
		{7F08E701-0D4F-4A7D-835C-7ADB9B7A4B09} = {9CF14D09-6F9C-4DAC-A3CA-186A86AD2920}
		{04B7ACB0-B336-4DC0-90A4-B3BE217ADB31} = {9CF14D09-6F9C-4DAC-A3CA-186A86AD2920}
		{0EA5B9C3-468C-4F3C-BBA1-88864234058A} = {9CF14D09-6F9C-4DAC-A3CA-186A86AD2920}
		{20763809-3274-445D-A847-73B3D84576AD} = {9CF14D09-6F9C-4DAC-A3CA-186A86AD2920}
		{6E80E672-D9A9-4EFF-9B1C-3B87BB6636DA} = {E1121AEF-0D43-4733-B875-3AFFFE895004}
		{869E7F86-9FF3-4FA0-AB1F-3A51713B6987} = {E1121AEF-0D43-4733-B875-3AFFFE895004}
		{A26429A5-5833-427B-B76B-F078DBA2F7E5} = {37634717-BDEB-440F-8B56-8D7AD9E5BA19}
		{5B0EBBD6-CB52-4B99-9878-A7870CDC94CB} = {37634717-BDEB-440F-8B56-8D7AD9E5BA19}
		{27EF8A80-AD82-4A02-89F0-E793857AA3F0} = {5B0EBBD6-CB52-4B99-9878-A7870CDC94CB}
		{9D12B1DD-4A5E-4EAC-BC1D-543F339B6971} = {9CF14D09-6F9C-4DAC-A3CA-186A86AD2920}
		{DC00DACB-3D96-4521-9A3B-404B07FC86E3} = {E1121AEF-0D43-4733-B875-3AFFFE895004}
		{64872190-4CB9-4FF3-A898-019D463EB986} = {DC00DACB-3D96-4521-9A3B-404B07FC86E3}
		{6FDA3F9D-96D4-4A65-B303-79B6C2313778} = {AAFBDA78-1CB3-4911-B1F6-E9D95C6BFC95}
		{D5B01E5F-E92F-4E85-8D39-25A4250D25CE} = {A26429A5-5833-427B-B76B-F078DBA2F7E5}
		{B28DF8F7-0F7E-4BD1-8E33-FF4C51E4341C} = {A26429A5-5833-427B-B76B-F078DBA2F7E5}
	EndGlobalSection
	GlobalSection(ExtensibilityGlobals) = postSolution
		SolutionGuid = {222F9562-8D52-49E0-B40F-C0AFE623D6C2}
	EndGlobalSection
EndGlobal
