
Microsoft Visual Studio Solution File, Format Version 12.00
# Visual Studio Version 17
VisualStudioVersion = 17.0.31903.59
MinimumVisualStudioVersion = 10.0.40219.1
Project("{2150E333-8FDC-42A3-9474-1A3956D46DE8}") = "Common", "Common", "{9CF14D09-6F9C-4DAC-A3CA-186A86AD2920}"
EndProject
Project("{FAE04EC0-301F-11D3-BF4B-00C04F79EFBC}") = "SmartPlugins.Common.TeklaLibrary", "Common\SmartPlugins.Common.TeklaLibrary\SmartPlugins.Common.TeklaLibrary.csproj", "{0EA5B9C3-468C-4F3C-BBA1-88864234058A}"
EndProject
Project("{2150E333-8FDC-42A3-9474-1A3956D46DE8}") = "Plugins", "Plugins", "{E1121AEF-0D43-4733-B875-3AFFFE895004}"
EndProject
Project("{FAE04EC0-301F-11D3-BF4B-00C04F79EFBC}") = "SmartPlugins.Plugins.ConcreteFoundationPlugin", "Plugins\WpfPluginTemplate\SmartPlugins.Plugins.ConcreteFoundationPlugin.csproj", "{6E80E672-D9A9-4EFF-9B1C-3B87BB6636DA}"
EndProject
Project("{FAE04EC0-301F-11D3-BF4B-00C04F79EFBC}") = "SmartPlugins.Plugins.Frames", "Frames\SmartPlugins.Plugins.Frames.csproj", "{869E7F86-9FF3-4FA0-AB1F-3A51713B6987}"
EndProject
Project("{2150E333-8FDC-42A3-9474-1A3956D46DE8}") = "Macroses", "Macroses", "{37634717-BDEB-440F-8B56-8D7AD9E5BA19}"
EndProject
Project("{2150E333-8FDC-42A3-9474-1A3956D46DE8}") = "ModelMacroses", "ModelMacroses", "{A26429A5-5833-427B-B76B-F078DBA2F7E5}"
	ProjectSection(SolutionItems) = preProject
		Macroses\ModelMacroses\FitByFace.cs = Macroses\ModelMacroses\FitByFace.cs
	EndProjectSection
EndProject
Project("{2150E333-8FDC-42A3-9474-1A3956D46DE8}") = "DrawingMacroses", "DrawingMacroses", "{5B0EBBD6-CB52-4B99-9878-A7870CDC94CB}"
	ProjectSection(SolutionItems) = preProject
		Macroses\DrawingMacroses\DeleteUserDimensions.cs = Macroses\DrawingMacroses\DeleteUserDimensions.cs
		Macroses\DrawingMacroses\DimensionsAdditionalRebarGroup.cs = Macroses\DrawingMacroses\DimensionsAdditionalRebarGroup.cs
		Macroses\DrawingMacroses\InvisibleAxis.cs = Macroses\DrawingMacroses\InvisibleAxis.cs
		Macroses\DrawingMacroses\ReopenDrawing.cs = Macroses\DrawingMacroses\ReopenDrawing.cs
	EndProjectSection
EndProject
Project("{2150E333-8FDC-42A3-9474-1A3956D46DE8}") = "CloneGrids", "CloneGrids", "{27EF8A80-AD82-4A02-89F0-E793857AA3F0}"
	ProjectSection(SolutionItems) = preProject
		Macroses\DrawingMacroses\CloneGrids\CloneGrids.cs = Macroses\DrawingMacroses\CloneGrids\CloneGrids.cs
		Macroses\DrawingMacroses\CloneGrids\CloneGridsForm.cs = Macroses\DrawingMacroses\CloneGrids\CloneGridsForm.cs
		Macroses\DrawingMacroses\CloneGrids\CloneGridsForm.Designer.cs = Macroses\DrawingMacroses\CloneGrids\CloneGridsForm.Designer.cs
		Macroses\DrawingMacroses\CloneGrids\CloneGridsForm.resx = Macroses\DrawingMacroses\CloneGrids\CloneGridsForm.resx
	EndProjectSection
EndProject
Project("{FAE04EC0-301F-11D3-BF4B-00C04F79EFBC}") = "SmartPlugins.Common.Controls", "Common\SmartPlugins.Common.SmartWPFElements\SmartPlugins.Common.Controls.csproj", "{9D12B1DD-4A5E-4EAC-BC1D-543F339B6971}"
EndProject
Project("{2150E333-8FDC-42A3-9474-1A3956D46DE8}") = "Commercial", "Commercial", "{DC00DACB-3D96-4521-9A3B-404B07FC86E3}"
EndProject
Project("{9A19103F-16F7-4668-BE54-9A1E7A4F7556}") = "sp_DimensionsForReinforcement", "Commercial\sp_DimensionsForReinforcement\sp_DimensionsForReinforcement.csproj", "{64872190-4CB9-4FF3-A898-019D463EB986}"
EndProject
Project("{FAE04EC0-301F-11D3-BF4B-00C04F79EFBC}") = "SmartPlugins.Applications.SmartCheckAssembliesML", "ML\SmartCheckAssemblies\SmartPlugins.Applications.SmartCheckAssembliesML.csproj", "{BFDBE2AA-3699-4F35-854D-D717BCF34D44}"
EndProject
Project("{2150E333-8FDC-42A3-9474-1A3956D46DE8}") = "Applications", "Applications", "{AAFBDA78-1CB3-4911-B1F6-E9D95C6BFC95}"
EndProject
Project("{FAE04EC0-301F-11D3-BF4B-00C04F79EFBC}") = "SmartPlugins.Applications.SmartHelper", "Applications\SmartHelper\SmartPlugins.Applications.SmartHelper.csproj", "{6FDA3F9D-96D4-4A65-B303-79B6C2313778}"
EndProject
Project("{2150E333-8FDC-42A3-9474-1A3956D46DE8}") = "Commercial", "Commercial", "{D5B01E5F-E92F-4E85-8D39-25A4250D25CE}"
	ProjectSection(SolutionItems) = preProject
		Macroses\ModelMacroses\Commercial\sp_CopyParametersLegFaces.cs = Macroses\ModelMacroses\Commercial\sp_CopyParametersLegFaces.cs
		Macroses\ModelMacroses\Commercial\sp_CopyParametersRebarSets.cs = Macroses\ModelMacroses\Commercial\sp_CopyParametersRebarSets.cs
	EndProjectSection
EndProject
Project("{FAE04EC0-301F-11D3-BF4B-00C04F79EFBC}") = "SmartMacroses", "Macroses\SmartMacroses\SmartMacroses.csproj", "{B28DF8F7-0F7E-4BD1-8E33-FF4C51E4341C}"
EndProject
Project("{FAE04EC0-301F-11D3-BF4B-00C04F79EFBC}") = "SmartPlugins.Macroses.Library", "Macroses\SmartPlugins.Macroses.Library\SmartPlugins.Macroses.Library.csproj", "{5CE47EB0-8E97-4F82-B3F8-02E0FE30B3C0}"
EndProject
Project("{2150E333-8FDC-42A3-9474-1A3956D46DE8}") = "StartFilesForDrawingMacroses", "StartFilesForDrawingMacroses", "{ECF7FDB2-B0E4-4689-9816-ABC55F54FAF4}"
	ProjectSection(SolutionItems) = preProject
		sm_EmbededMark.cs = sm_EmbededMark.cs
	EndProjectSection
EndProject
Project("{2150E333-8FDC-42A3-9474-1A3956D46DE8}") = "StartFilesForModelMacroses", "StartFilesForModelMacroses", "{AD8E4897-E76E-4501-ADCB-18B12A0CE6B6}"
	ProjectSection(SolutionItems) = preProject
		Macroses\StartFilesForModelMacroses\sm_DrawObjectCoordinateSystem.cs = Macroses\StartFilesForModelMacroses\sm_DrawObjectCoordinateSystem.cs
		Macroses\StartFilesForModelMacroses\sm_MainPartByWeight.cs = Macroses\StartFilesForModelMacroses\sm_MainPartByWeight.cs
		Macroses\StartFilesForModelMacroses\sm_RebarSequenceNumbering.cs = Macroses\StartFilesForModelMacroses\sm_RebarSequenceNumbering.cs
	EndProjectSection
EndProject
Project("{FAE04EC0-301F-11D3-BF4B-00C04F79EFBC}") = "SmartPlugins.Applications.SmartObserver", "Applications\SmartPlugins.Applications.SmartObserver\SmartPlugins.Applications.SmartObserver.csproj", "{49341198-45CC-4F4A-87F2-5D493CE17D94}"
EndProject
Project("{FAE04EC0-301F-11D3-BF4B-00C04F79EFBC}") = "SmartPlugins.Common.Abstractions", "Common\SmartPlugins.Common.Abstractions\SmartPlugins.Common.Abstractions.csproj", "{F02F7D09-E3F9-48ED-B39C-4B55B5D00E6B}"
EndProject
Project("{2150E333-8FDC-42A3-9474-1A3956D46DE8}") = "TSEP", "TSEP", "{CF05F85B-DE57-4C56-8A4C-C0EC3277187B}"
EndProject
Project("{2150E333-8FDC-42A3-9474-1A3956D46DE8}") = "binaries", "binaries", "{40EF26F4-D13A-40F9-B998-BEAC3D1FCACB}"
EndProject
Project("{2150E333-8FDC-42A3-9474-1A3956D46DE8}") = "bitmaps", "bitmaps", "{2E1873C1-B9E3-49E1-A89F-B91D82266A9F}"
EndProject
Project("{2150E333-8FDC-42A3-9474-1A3956D46DE8}") = "TepInstaller", "TepInstaller", "{188A240A-90C2-4ED8-B537-114F8DBA270A}"
	ProjectSection(SolutionItems) = preProject
		Macroses\TSEP\TepInstaller\Icon.png = Macroses\TSEP\TepInstaller\Icon.png
		Macroses\TSEP\TepInstaller\TsepDefinition.xml = Macroses\TSEP\TepInstaller\TsepDefinition.xml
	EndProjectSection
EndProject
Project("{FAE04EC0-301F-11D3-BF4B-00C04F79EFBC}") = "SmartPlugins.Common.Navisworks", "Common\SmartPlugins.Common.Navisworks\SmartPlugins.Common.Navisworks.csproj", "{D676CCAF-4BB2-444D-9221-D657F79B5EAD}"
EndProject
Project("{FAE04EC0-301F-11D3-BF4B-00C04F79EFBC}") = "SmartPlugins.Common.Core", "Common\SmartPlugins.Common.Core\SmartPlugins.Common.Core.csproj", "{36479969-F7B4-4A22-93C5-7A41C62B5784}"
EndProject
Project("{2150E333-8FDC-42A3-9474-1A3956D46DE8}") = "Tests", "Tests", "{7AACD3EB-001B-414F-816A-7E910B274F37}"
EndProject
Project("{FAE04EC0-301F-11D3-BF4B-00C04F79EFBC}") = "SmartPlugins.Plugins.RebarSequenceNumbering", "Plugins\SmartPlugins.Plugins.RebarSequenceNumbering\SmartPlugins.Plugins.RebarSequenceNumbering.csproj", "{BC78CB7F-0C17-48DC-8CCF-5C165CE7FD2B}"
EndProject
Project("{FAE04EC0-301F-11D3-BF4B-00C04F79EFBC}") = "SmartPlugins.Tests.UnitTests", "Tests\SmartPlugins.Tests.UnitTests\SmartPlugins.Tests.UnitTests.csproj", "{B366128D-43D3-43B3-A796-B9526CCC528A}"
EndProject
Project("{FAE04EC0-301F-11D3-BF4B-00C04F79EFBC}") = "SmartPlugins.Common.ML", "Common\SmartPlugins.Common.ML\SmartPlugins.Common.ML.csproj", "{EF7DE01D-AFA2-400E-B5D5-135E00813DB5}"
EndProject
Project("{9A19103F-16F7-4668-BE54-9A1E7A4F7556}") = "SmartPlugins.Applications.AutoConnect", "Applications\SmartPlugins.Applications.AutoConnect\SmartPlugins.Applications.AutoConnect.csproj", "{61CBE563-B85F-4243-9134-B8ECBBD0D04E}"
EndProject
Project("{FAE04EC0-301F-11D3-BF4B-00C04F79EFBC}") = "TestForm", "Tests\TestForm\TestForm.csproj", "{6FE53043-86A3-40F9-8FA3-C6785DC1BA2B}"
EndProject
Global
	GlobalSection(SolutionConfigurationPlatforms) = preSolution
		Debug|Any CPU = Debug|Any CPU
		Debug|x86 = Debug|x86
		Release|Any CPU = Release|Any CPU
		Release|x86 = Release|x86
	EndGlobalSection
	GlobalSection(ProjectConfigurationPlatforms) = postSolution
		{0EA5B9C3-468C-4F3C-BBA1-88864234058A}.Debug|Any CPU.ActiveCfg = Debug|Any CPU
		{0EA5B9C3-468C-4F3C-BBA1-88864234058A}.Debug|Any CPU.Build.0 = Debug|Any CPU
		{0EA5B9C3-468C-4F3C-BBA1-88864234058A}.Debug|x86.ActiveCfg = Debug|Any CPU
		{0EA5B9C3-468C-4F3C-BBA1-88864234058A}.Debug|x86.Build.0 = Debug|Any CPU
		{0EA5B9C3-468C-4F3C-BBA1-88864234058A}.Release|Any CPU.ActiveCfg = Release|Any CPU
		{0EA5B9C3-468C-4F3C-BBA1-88864234058A}.Release|Any CPU.Build.0 = Release|Any CPU
		{0EA5B9C3-468C-4F3C-BBA1-88864234058A}.Release|x86.ActiveCfg = Release|Any CPU
		{0EA5B9C3-468C-4F3C-BBA1-88864234058A}.Release|x86.Build.0 = Release|Any CPU
		{6E80E672-D9A9-4EFF-9B1C-3B87BB6636DA}.Debug|Any CPU.ActiveCfg = Debug|Any CPU
		{6E80E672-D9A9-4EFF-9B1C-3B87BB6636DA}.Debug|Any CPU.Build.0 = Debug|Any CPU
		{6E80E672-D9A9-4EFF-9B1C-3B87BB6636DA}.Debug|x86.ActiveCfg = Debug|Any CPU
		{6E80E672-D9A9-4EFF-9B1C-3B87BB6636DA}.Debug|x86.Build.0 = Debug|Any CPU
		{6E80E672-D9A9-4EFF-9B1C-3B87BB6636DA}.Release|Any CPU.ActiveCfg = Release|Any CPU
		{6E80E672-D9A9-4EFF-9B1C-3B87BB6636DA}.Release|Any CPU.Build.0 = Release|Any CPU
		{6E80E672-D9A9-4EFF-9B1C-3B87BB6636DA}.Release|x86.ActiveCfg = Release|Any CPU
		{6E80E672-D9A9-4EFF-9B1C-3B87BB6636DA}.Release|x86.Build.0 = Release|Any CPU
		{869E7F86-9FF3-4FA0-AB1F-3A51713B6987}.Debug|Any CPU.ActiveCfg = Debug|Any CPU
		{869E7F86-9FF3-4FA0-AB1F-3A51713B6987}.Debug|Any CPU.Build.0 = Debug|Any CPU
		{869E7F86-9FF3-4FA0-AB1F-3A51713B6987}.Debug|x86.ActiveCfg = Debug|Any CPU
		{869E7F86-9FF3-4FA0-AB1F-3A51713B6987}.Release|Any CPU.ActiveCfg = Release|Any CPU
		{869E7F86-9FF3-4FA0-AB1F-3A51713B6987}.Release|Any CPU.Build.0 = Release|Any CPU
		{869E7F86-9FF3-4FA0-AB1F-3A51713B6987}.Release|x86.ActiveCfg = Release|Any CPU
		{9D12B1DD-4A5E-4EAC-BC1D-543F339B6971}.Debug|Any CPU.ActiveCfg = Debug|Any CPU
		{9D12B1DD-4A5E-4EAC-BC1D-543F339B6971}.Debug|Any CPU.Build.0 = Debug|Any CPU
		{9D12B1DD-4A5E-4EAC-BC1D-543F339B6971}.Debug|x86.ActiveCfg = Debug|Any CPU
		{9D12B1DD-4A5E-4EAC-BC1D-543F339B6971}.Debug|x86.Build.0 = Debug|Any CPU
		{9D12B1DD-4A5E-4EAC-BC1D-543F339B6971}.Release|Any CPU.ActiveCfg = Release|Any CPU
		{9D12B1DD-4A5E-4EAC-BC1D-543F339B6971}.Release|Any CPU.Build.0 = Release|Any CPU
		{9D12B1DD-4A5E-4EAC-BC1D-543F339B6971}.Release|x86.ActiveCfg = Release|Any CPU
		{9D12B1DD-4A5E-4EAC-BC1D-543F339B6971}.Release|x86.Build.0 = Release|Any CPU
		{64872190-4CB9-4FF3-A898-019D463EB986}.Debug|Any CPU.ActiveCfg = Debug|Any CPU
		{64872190-4CB9-4FF3-A898-019D463EB986}.Debug|Any CPU.Build.0 = Debug|Any CPU
		{64872190-4CB9-4FF3-A898-019D463EB986}.Debug|x86.ActiveCfg = Debug|Any CPU
		{64872190-4CB9-4FF3-A898-019D463EB986}.Debug|x86.Build.0 = Debug|Any CPU
		{64872190-4CB9-4FF3-A898-019D463EB986}.Release|Any CPU.ActiveCfg = Release|Any CPU
		{64872190-4CB9-4FF3-A898-019D463EB986}.Release|Any CPU.Build.0 = Release|Any CPU
		{64872190-4CB9-4FF3-A898-019D463EB986}.Release|x86.ActiveCfg = Release|Any CPU
		{64872190-4CB9-4FF3-A898-019D463EB986}.Release|x86.Build.0 = Release|Any CPU
		{BFDBE2AA-3699-4F35-854D-D717BCF34D44}.Debug|Any CPU.ActiveCfg = Debug|Any CPU
		{BFDBE2AA-3699-4F35-854D-D717BCF34D44}.Debug|Any CPU.Build.0 = Debug|Any CPU
		{BFDBE2AA-3699-4F35-854D-D717BCF34D44}.Debug|x86.ActiveCfg = Debug|Any CPU
		{BFDBE2AA-3699-4F35-854D-D717BCF34D44}.Debug|x86.Build.0 = Debug|Any CPU
		{BFDBE2AA-3699-4F35-854D-D717BCF34D44}.Release|Any CPU.ActiveCfg = Release|Any CPU
		{BFDBE2AA-3699-4F35-854D-D717BCF34D44}.Release|Any CPU.Build.0 = Release|Any CPU
		{BFDBE2AA-3699-4F35-854D-D717BCF34D44}.Release|x86.ActiveCfg = Release|Any CPU
		{BFDBE2AA-3699-4F35-854D-D717BCF34D44}.Release|x86.Build.0 = Release|Any CPU
		{6FDA3F9D-96D4-4A65-B303-79B6C2313778}.Debug|Any CPU.ActiveCfg = Debug|Any CPU
		{6FDA3F9D-96D4-4A65-B303-79B6C2313778}.Debug|Any CPU.Build.0 = Debug|Any CPU
		{6FDA3F9D-96D4-4A65-B303-79B6C2313778}.Debug|x86.ActiveCfg = Debug|Any CPU
		{6FDA3F9D-96D4-4A65-B303-79B6C2313778}.Debug|x86.Build.0 = Debug|Any CPU
		{6FDA3F9D-96D4-4A65-B303-79B6C2313778}.Release|Any CPU.ActiveCfg = Release|Any CPU
		{6FDA3F9D-96D4-4A65-B303-79B6C2313778}.Release|Any CPU.Build.0 = Release|Any CPU
		{6FDA3F9D-96D4-4A65-B303-79B6C2313778}.Release|x86.ActiveCfg = Release|Any CPU
		{6FDA3F9D-96D4-4A65-B303-79B6C2313778}.Release|x86.Build.0 = Release|Any CPU
		{B28DF8F7-0F7E-4BD1-8E33-FF4C51E4341C}.Debug|Any CPU.ActiveCfg = Debug|Any CPU
		{B28DF8F7-0F7E-4BD1-8E33-FF4C51E4341C}.Debug|Any CPU.Build.0 = Debug|Any CPU
		{B28DF8F7-0F7E-4BD1-8E33-FF4C51E4341C}.Debug|x86.ActiveCfg = Debug|Any CPU
		{B28DF8F7-0F7E-4BD1-8E33-FF4C51E4341C}.Debug|x86.Build.0 = Debug|Any CPU
		{B28DF8F7-0F7E-4BD1-8E33-FF4C51E4341C}.Release|Any CPU.ActiveCfg = Release|Any CPU
		{B28DF8F7-0F7E-4BD1-8E33-FF4C51E4341C}.Release|Any CPU.Build.0 = Release|Any CPU
		{B28DF8F7-0F7E-4BD1-8E33-FF4C51E4341C}.Release|x86.ActiveCfg = Release|Any CPU
		{B28DF8F7-0F7E-4BD1-8E33-FF4C51E4341C}.Release|x86.Build.0 = Release|Any CPU
		{5CE47EB0-8E97-4F82-B3F8-02E0FE30B3C0}.Debug|Any CPU.ActiveCfg = Debug|Any CPU
		{5CE47EB0-8E97-4F82-B3F8-02E0FE30B3C0}.Debug|Any CPU.Build.0 = Debug|Any CPU
		{5CE47EB0-8E97-4F82-B3F8-02E0FE30B3C0}.Debug|x86.ActiveCfg = Debug|Any CPU
		{5CE47EB0-8E97-4F82-B3F8-02E0FE30B3C0}.Debug|x86.Build.0 = Debug|Any CPU
		{5CE47EB0-8E97-4F82-B3F8-02E0FE30B3C0}.Release|Any CPU.ActiveCfg = Release|Any CPU
		{5CE47EB0-8E97-4F82-B3F8-02E0FE30B3C0}.Release|Any CPU.Build.0 = Release|Any CPU
		{5CE47EB0-8E97-4F82-B3F8-02E0FE30B3C0}.Release|x86.ActiveCfg = Release|Any CPU
		{5CE47EB0-8E97-4F82-B3F8-02E0FE30B3C0}.Release|x86.Build.0 = Release|Any CPU
		{49341198-45CC-4F4A-87F2-5D493CE17D94}.Debug|Any CPU.ActiveCfg = Debug|Any CPU
		{49341198-45CC-4F4A-87F2-5D493CE17D94}.Debug|Any CPU.Build.0 = Debug|Any CPU
		{49341198-45CC-4F4A-87F2-5D493CE17D94}.Debug|x86.ActiveCfg = Debug|Any CPU
		{49341198-45CC-4F4A-87F2-5D493CE17D94}.Debug|x86.Build.0 = Debug|Any CPU
		{49341198-45CC-4F4A-87F2-5D493CE17D94}.Release|Any CPU.ActiveCfg = Release|Any CPU
		{49341198-45CC-4F4A-87F2-5D493CE17D94}.Release|Any CPU.Build.0 = Release|Any CPU
		{49341198-45CC-4F4A-87F2-5D493CE17D94}.Release|x86.ActiveCfg = Release|Any CPU
		{49341198-45CC-4F4A-87F2-5D493CE17D94}.Release|x86.Build.0 = Release|Any CPU
		{F02F7D09-E3F9-48ED-B39C-4B55B5D00E6B}.Debug|Any CPU.ActiveCfg = Debug|Any CPU
		{F02F7D09-E3F9-48ED-B39C-4B55B5D00E6B}.Debug|Any CPU.Build.0 = Debug|Any CPU
		{F02F7D09-E3F9-48ED-B39C-4B55B5D00E6B}.Debug|x86.ActiveCfg = Debug|Any CPU
		{F02F7D09-E3F9-48ED-B39C-4B55B5D00E6B}.Debug|x86.Build.0 = Debug|Any CPU
		{F02F7D09-E3F9-48ED-B39C-4B55B5D00E6B}.Release|Any CPU.ActiveCfg = Release|Any CPU
		{F02F7D09-E3F9-48ED-B39C-4B55B5D00E6B}.Release|Any CPU.Build.0 = Release|Any CPU
		{F02F7D09-E3F9-48ED-B39C-4B55B5D00E6B}.Release|x86.ActiveCfg = Release|Any CPU
		{F02F7D09-E3F9-48ED-B39C-4B55B5D00E6B}.Release|x86.Build.0 = Release|Any CPU
		{D676CCAF-4BB2-444D-9221-D657F79B5EAD}.Debug|Any CPU.ActiveCfg = Debug|Any CPU
		{D676CCAF-4BB2-444D-9221-D657F79B5EAD}.Debug|Any CPU.Build.0 = Debug|Any CPU
		{D676CCAF-4BB2-444D-9221-D657F79B5EAD}.Debug|x86.ActiveCfg = Debug|Any CPU
		{D676CCAF-4BB2-444D-9221-D657F79B5EAD}.Debug|x86.Build.0 = Debug|Any CPU
		{D676CCAF-4BB2-444D-9221-D657F79B5EAD}.Release|Any CPU.ActiveCfg = Release|Any CPU
		{D676CCAF-4BB2-444D-9221-D657F79B5EAD}.Release|Any CPU.Build.0 = Release|Any CPU
		{D676CCAF-4BB2-444D-9221-D657F79B5EAD}.Release|x86.ActiveCfg = Release|Any CPU
		{D676CCAF-4BB2-444D-9221-D657F79B5EAD}.Release|x86.Build.0 = Release|Any CPU
		{36479969-F7B4-4A22-93C5-7A41C62B5784}.Debug|Any CPU.ActiveCfg = Debug|Any CPU
		{36479969-F7B4-4A22-93C5-7A41C62B5784}.Debug|Any CPU.Build.0 = Debug|Any CPU
		{36479969-F7B4-4A22-93C5-7A41C62B5784}.Debug|x86.ActiveCfg = Debug|Any CPU
		{36479969-F7B4-4A22-93C5-7A41C62B5784}.Debug|x86.Build.0 = Debug|Any CPU
		{36479969-F7B4-4A22-93C5-7A41C62B5784}.Release|Any CPU.ActiveCfg = Release|Any CPU
		{36479969-F7B4-4A22-93C5-7A41C62B5784}.Release|Any CPU.Build.0 = Release|Any CPU
		{36479969-F7B4-4A22-93C5-7A41C62B5784}.Release|x86.ActiveCfg = Release|Any CPU
		{36479969-F7B4-4A22-93C5-7A41C62B5784}.Release|x86.Build.0 = Release|Any CPU
		{BC78CB7F-0C17-48DC-8CCF-5C165CE7FD2B}.Debug|Any CPU.ActiveCfg = Debug|Any CPU
		{BC78CB7F-0C17-48DC-8CCF-5C165CE7FD2B}.Debug|Any CPU.Build.0 = Debug|Any CPU
		{BC78CB7F-0C17-48DC-8CCF-5C165CE7FD2B}.Debug|x86.ActiveCfg = Debug|Any CPU
		{BC78CB7F-0C17-48DC-8CCF-5C165CE7FD2B}.Debug|x86.Build.0 = Debug|Any CPU
		{BC78CB7F-0C17-48DC-8CCF-5C165CE7FD2B}.Release|Any CPU.ActiveCfg = Release|Any CPU
		{BC78CB7F-0C17-48DC-8CCF-5C165CE7FD2B}.Release|Any CPU.Build.0 = Release|Any CPU
		{BC78CB7F-0C17-48DC-8CCF-5C165CE7FD2B}.Release|x86.ActiveCfg = Release|Any CPU
		{BC78CB7F-0C17-48DC-8CCF-5C165CE7FD2B}.Release|x86.Build.0 = Release|Any CPU
		{B366128D-43D3-43B3-A796-B9526CCC528A}.Debug|Any CPU.ActiveCfg = Debug|Any CPU
		{B366128D-43D3-43B3-A796-B9526CCC528A}.Debug|Any CPU.Build.0 = Debug|Any CPU
		{B366128D-43D3-43B3-A796-B9526CCC528A}.Debug|x86.ActiveCfg = Debug|Any CPU
		{B366128D-43D3-43B3-A796-B9526CCC528A}.Debug|x86.Build.0 = Debug|Any CPU
		{B366128D-43D3-43B3-A796-B9526CCC528A}.Release|Any CPU.ActiveCfg = Release|Any CPU
		{B366128D-43D3-43B3-A796-B9526CCC528A}.Release|Any CPU.Build.0 = Release|Any CPU
		{B366128D-43D3-43B3-A796-B9526CCC528A}.Release|x86.ActiveCfg = Release|Any CPU
		{B366128D-43D3-43B3-A796-B9526CCC528A}.Release|x86.Build.0 = Release|Any CPU
		{EF7DE01D-AFA2-400E-B5D5-135E00813DB5}.Debug|Any CPU.ActiveCfg = Debug|Any CPU
		{EF7DE01D-AFA2-400E-B5D5-135E00813DB5}.Debug|Any CPU.Build.0 = Debug|Any CPU
		{EF7DE01D-AFA2-400E-B5D5-135E00813DB5}.Debug|x86.ActiveCfg = Debug|Any CPU
		{EF7DE01D-AFA2-400E-B5D5-135E00813DB5}.Debug|x86.Build.0 = Debug|Any CPU
		{EF7DE01D-AFA2-400E-B5D5-135E00813DB5}.Release|Any CPU.ActiveCfg = Release|Any CPU
		{EF7DE01D-AFA2-400E-B5D5-135E00813DB5}.Release|Any CPU.Build.0 = Release|Any CPU
		{EF7DE01D-AFA2-400E-B5D5-135E00813DB5}.Release|x86.ActiveCfg = Release|Any CPU
		{EF7DE01D-AFA2-400E-B5D5-135E00813DB5}.Release|x86.Build.0 = Release|Any CPU
		{61CBE563-B85F-4243-9134-B8ECBBD0D04E}.Debug|Any CPU.ActiveCfg = Debug|Any CPU
		{61CBE563-B85F-4243-9134-B8ECBBD0D04E}.Debug|Any CPU.Build.0 = Debug|Any CPU
		{61CBE563-B85F-4243-9134-B8ECBBD0D04E}.Debug|x86.ActiveCfg = Debug|x86
		{61CBE563-B85F-4243-9134-B8ECBBD0D04E}.Debug|x86.Build.0 = Debug|x86
		{61CBE563-B85F-4243-9134-B8ECBBD0D04E}.Release|Any CPU.ActiveCfg = Release|Any CPU
		{61CBE563-B85F-4243-9134-B8ECBBD0D04E}.Release|Any CPU.Build.0 = Release|Any CPU
		{61CBE563-B85F-4243-9134-B8ECBBD0D04E}.Release|x86.ActiveCfg = Release|x86
		{61CBE563-B85F-4243-9134-B8ECBBD0D04E}.Release|x86.Build.0 = Release|x86
		{6FE53043-86A3-40F9-8FA3-C6785DC1BA2B}.Debug|Any CPU.ActiveCfg = Debug|Any CPU
		{6FE53043-86A3-40F9-8FA3-C6785DC1BA2B}.Debug|Any CPU.Build.0 = Debug|Any CPU
		{6FE53043-86A3-40F9-8FA3-C6785DC1BA2B}.Debug|x86.ActiveCfg = Debug|Any CPU
		{6FE53043-86A3-40F9-8FA3-C6785DC1BA2B}.Debug|x86.Build.0 = Debug|Any CPU
		{6FE53043-86A3-40F9-8FA3-C6785DC1BA2B}.Release|Any CPU.ActiveCfg = Release|Any CPU
		{6FE53043-86A3-40F9-8FA3-C6785DC1BA2B}.Release|Any CPU.Build.0 = Release|Any CPU
		{6FE53043-86A3-40F9-8FA3-C6785DC1BA2B}.Release|x86.ActiveCfg = Release|Any CPU
		{6FE53043-86A3-40F9-8FA3-C6785DC1BA2B}.Release|x86.Build.0 = Release|Any CPU
	EndGlobalSection
	GlobalSection(SolutionProperties) = preSolution
		HideSolutionNode = FALSE
	EndGlobalSection
	GlobalSection(NestedProjects) = preSolution
		{0EA5B9C3-468C-4F3C-BBA1-88864234058A} = {9CF14D09-6F9C-4DAC-A3CA-186A86AD2920}
		{6E80E672-D9A9-4EFF-9B1C-3B87BB6636DA} = {E1121AEF-0D43-4733-B875-3AFFFE895004}
		{869E7F86-9FF3-4FA0-AB1F-3A51713B6987} = {E1121AEF-0D43-4733-B875-3AFFFE895004}
		{A26429A5-5833-427B-B76B-F078DBA2F7E5} = {37634717-BDEB-440F-8B56-8D7AD9E5BA19}
		{5B0EBBD6-CB52-4B99-9878-A7870CDC94CB} = {37634717-BDEB-440F-8B56-8D7AD9E5BA19}
		{27EF8A80-AD82-4A02-89F0-E793857AA3F0} = {5B0EBBD6-CB52-4B99-9878-A7870CDC94CB}
		{9D12B1DD-4A5E-4EAC-BC1D-543F339B6971} = {9CF14D09-6F9C-4DAC-A3CA-186A86AD2920}
		{DC00DACB-3D96-4521-9A3B-404B07FC86E3} = {E1121AEF-0D43-4733-B875-3AFFFE895004}
		{64872190-4CB9-4FF3-A898-019D463EB986} = {DC00DACB-3D96-4521-9A3B-404B07FC86E3}
		{BFDBE2AA-3699-4F35-854D-D717BCF34D44} = {AAFBDA78-1CB3-4911-B1F6-E9D95C6BFC95}
		{6FDA3F9D-96D4-4A65-B303-79B6C2313778} = {AAFBDA78-1CB3-4911-B1F6-E9D95C6BFC95}
		{D5B01E5F-E92F-4E85-8D39-25A4250D25CE} = {A26429A5-5833-427B-B76B-F078DBA2F7E5}
		{B28DF8F7-0F7E-4BD1-8E33-FF4C51E4341C} = {A26429A5-5833-427B-B76B-F078DBA2F7E5}
		{5CE47EB0-8E97-4F82-B3F8-02E0FE30B3C0} = {37634717-BDEB-440F-8B56-8D7AD9E5BA19}
		{ECF7FDB2-B0E4-4689-9816-ABC55F54FAF4} = {37634717-BDEB-440F-8B56-8D7AD9E5BA19}
		{AD8E4897-E76E-4501-ADCB-18B12A0CE6B6} = {37634717-BDEB-440F-8B56-8D7AD9E5BA19}
		{49341198-45CC-4F4A-87F2-5D493CE17D94} = {AAFBDA78-1CB3-4911-B1F6-E9D95C6BFC95}
		{F02F7D09-E3F9-48ED-B39C-4B55B5D00E6B} = {9CF14D09-6F9C-4DAC-A3CA-186A86AD2920}
		{CF05F85B-DE57-4C56-8A4C-C0EC3277187B} = {37634717-BDEB-440F-8B56-8D7AD9E5BA19}
		{40EF26F4-D13A-40F9-B998-BEAC3D1FCACB} = {CF05F85B-DE57-4C56-8A4C-C0EC3277187B}
		{2E1873C1-B9E3-49E1-A89F-B91D82266A9F} = {CF05F85B-DE57-4C56-8A4C-C0EC3277187B}
		{188A240A-90C2-4ED8-B537-114F8DBA270A} = {CF05F85B-DE57-4C56-8A4C-C0EC3277187B}
		{D676CCAF-4BB2-444D-9221-D657F79B5EAD} = {9CF14D09-6F9C-4DAC-A3CA-186A86AD2920}
		{36479969-F7B4-4A22-93C5-7A41C62B5784} = {9CF14D09-6F9C-4DAC-A3CA-186A86AD2920}
		{BC78CB7F-0C17-48DC-8CCF-5C165CE7FD2B} = {E1121AEF-0D43-4733-B875-3AFFFE895004}
		{B366128D-43D3-43B3-A796-B9526CCC528A} = {7AACD3EB-001B-414F-816A-7E910B274F37}
		{EF7DE01D-AFA2-400E-B5D5-135E00813DB5} = {9CF14D09-6F9C-4DAC-A3CA-186A86AD2920}
		{61CBE563-B85F-4243-9134-B8ECBBD0D04E} = {AAFBDA78-1CB3-4911-B1F6-E9D95C6BFC95}
		{6FE53043-86A3-40F9-8FA3-C6785DC1BA2B} = {7AACD3EB-001B-414F-816A-7E910B274F37}
	EndGlobalSection
	GlobalSection(ExtensibilityGlobals) = postSolution
		SolutionGuid = {222F9562-8D52-49E0-B40F-C0AFE623D6C2}
	EndGlobalSection
EndGlobal
